
Microsoft Visual Studio Solution File, Format Version 12.00
# Visual Studio Version 17
VisualStudioVersion = 17.6.33829.357
MinimumVisualStudioVersion = 10.0.40219.1
Project("{9A19103F-16F7-4668-BE54-9A1E7A4F7556}") = "MST", "api fetch\MST.csproj", "{D4CC61FA-76B7-485A-A854-4997F4CD9354}"
EndProject
Project("{FAE04EC0-301F-11D3-BF4B-00C04F79EFBC}") = "App.User", "App.User\App.User.csproj", "{FC968FBE-B858-42EC-B123-A3BCD4CC35EC}"
EndProject
Project("{FAE04EC0-301F-11D3-BF4B-00C04F79EFBC}") = "App.Base", "App.Base\App.Base.csproj", "{8A5C8BCA-2BBF-46E8-B58F-A0CE5629387E}"
EndProject
Project("{FAE04EC0-301F-11D3-BF4B-00C04F79EFBC}") = "App.Setup", "App.Setup\App.Setup.csproj", "{DCAA4585-7EC4-42C5-B899-80D24A9E4386}"
EndProject
Project("{FAE04EC0-301F-11D3-BF4B-00C04F79EFBC}") = "App.Root", "App.Root\App.Root.csproj", "{0DCFEE33-F530-4817-BB88-EF4CFDD25108}"
EndProject
Global
	GlobalSection(SolutionConfigurationPlatforms) = preSolution
		Debug|Any CPU = Debug|Any CPU
		Release|Any CPU = Release|Any CPU
	EndGlobalSection
	GlobalSection(ProjectConfigurationPlatforms) = postSolution
		{D4CC61FA-76B7-485A-A854-4997F4CD9354}.Debug|Any CPU.ActiveCfg = Debug|Any CPU
		{D4CC61FA-76B7-485A-A854-4997F4CD9354}.Debug|Any CPU.Build.0 = Debug|Any CPU
		{D4CC61FA-76B7-485A-A854-4997F4CD9354}.Release|Any CPU.ActiveCfg = Release|Any CPU
		{D4CC61FA-76B7-485A-A854-4997F4CD9354}.Release|Any CPU.Build.0 = Release|Any CPU
		{FC968FBE-B858-42EC-B123-A3BCD4CC35EC}.Debug|Any CPU.ActiveCfg = Debug|Any CPU
		{FC968FBE-B858-42EC-B123-A3BCD4CC35EC}.Debug|Any CPU.Build.0 = Debug|Any CPU
		{FC968FBE-B858-42EC-B123-A3BCD4CC35EC}.Release|Any CPU.ActiveCfg = Release|Any CPU
		{FC968FBE-B858-42EC-B123-A3BCD4CC35EC}.Release|Any CPU.Build.0 = Release|Any CPU
		{8A5C8BCA-2BBF-46E8-B58F-A0CE5629387E}.Debug|Any CPU.ActiveCfg = Debug|Any CPU
		{8A5C8BCA-2BBF-46E8-B58F-A0CE5629387E}.Debug|Any CPU.Build.0 = Debug|Any CPU
		{8A5C8BCA-2BBF-46E8-B58F-A0CE5629387E}.Release|Any CPU.ActiveCfg = Release|Any CPU
		{8A5C8BCA-2BBF-46E8-B58F-A0CE5629387E}.Release|Any CPU.Build.0 = Release|Any CPU
		{DCAA4585-7EC4-42C5-B899-80D24A9E4386}.Debug|Any CPU.ActiveCfg = Debug|Any CPU
		{DCAA4585-7EC4-42C5-B899-80D24A9E4386}.Debug|Any CPU.Build.0 = Debug|Any CPU
		{DCAA4585-7EC4-42C5-B899-80D24A9E4386}.Release|Any CPU.ActiveCfg = Release|Any CPU
		{DCAA4585-7EC4-42C5-B899-80D24A9E4386}.Release|Any CPU.Build.0 = Release|Any CPU
		{0DCFEE33-F530-4817-BB88-EF4CFDD25108}.Debug|Any CPU.ActiveCfg = Debug|Any CPU
		{0DCFEE33-F530-4817-BB88-EF4CFDD25108}.Debug|Any CPU.Build.0 = Debug|Any CPU
		{0DCFEE33-F530-4817-BB88-EF4CFDD25108}.Release|Any CPU.ActiveCfg = Release|Any CPU
		{0DCFEE33-F530-4817-BB88-EF4CFDD25108}.Release|Any CPU.Build.0 = Release|Any CPU
	EndGlobalSection
	GlobalSection(SolutionProperties) = preSolution
		HideSolutionNode = FALSE
	EndGlobalSection
	GlobalSection(ExtensibilityGlobals) = postSolution
		SolutionGuid = {F4D4A52C-76F0-4890-9203-0302EBBD1E8E}
	EndGlobalSection
EndGlobal
